
Microsoft Visual Studio Solution File, Format Version 12.00
# Visual Studio 15
VisualStudioVersion = 15.0.28010.2041
MinimumVisualStudioVersion = 10.0.40219.1
Project("{FAE04EC0-301F-11D3-BF4B-00C04F79EFBC}") = "B10409033-hw2-3", "hw2-3\B10409033-hw2-3.csproj", "{053769A7-43C2-42C5-A847-AB41DC374167}"
EndProject
Global
	GlobalSection(SolutionConfigurationPlatforms) = preSolution
		Debug|Any CPU = Debug|Any CPU
		Release|Any CPU = Release|Any CPU
	EndGlobalSection
	GlobalSection(ProjectConfigurationPlatforms) = postSolution
		{053769A7-43C2-42C5-A847-AB41DC374167}.Debug|Any CPU.ActiveCfg = Debug|Any CPU
		{053769A7-43C2-42C5-A847-AB41DC374167}.Debug|Any CPU.Build.0 = Debug|Any CPU
		{053769A7-43C2-42C5-A847-AB41DC374167}.Release|Any CPU.ActiveCfg = Release|Any CPU
		{053769A7-43C2-42C5-A847-AB41DC374167}.Release|Any CPU.Build.0 = Release|Any CPU
	EndGlobalSection
	GlobalSection(SolutionProperties) = preSolution
		HideSolutionNode = FALSE
	EndGlobalSection
	GlobalSection(ExtensibilityGlobals) = postSolution
		SolutionGuid = {AA07DAE8-A8C1-49F2-A8F7-3CA3D47EEC8C}
	EndGlobalSection
EndGlobal
